
Microsoft Visual Studio Solution File, Format Version 12.00
# Visual Studio Version 16
VisualStudioVersion = 16.0.28803.156
MinimumVisualStudioVersion = 10.0.40219.1
Project("{FAE04EC0-301F-11D3-BF4B-00C04F79EFBC}") = "Test.IntegrationTests", "Test.IntegrationTests\Test.IntegrationTests.csproj", "{8052C052-24C7-4296-A77B-4AABACC4FEB5}"
EndProject
Global
	GlobalSection(SolutionConfigurationPlatforms) = preSolution
		Debug|Any CPU = Debug|Any CPU
		Release|Any CPU = Release|Any CPU
	EndGlobalSection
	GlobalSection(ProjectConfigurationPlatforms) = postSolution
		{8052C052-24C7-4296-A77B-4AABACC4FEB5}.Debug|Any CPU.ActiveCfg = Debug|Any CPU
		{8052C052-24C7-4296-A77B-4AABACC4FEB5}.Debug|Any CPU.Build.0 = Debug|Any CPU
		{8052C052-24C7-4296-A77B-4AABACC4FEB5}.Release|Any CPU.ActiveCfg = Release|Any CPU
		{8052C052-24C7-4296-A77B-4AABACC4FEB5}.Release|Any CPU.Build.0 = Release|Any CPU
	EndGlobalSection
	GlobalSection(SolutionProperties) = preSolution
		HideSolutionNode = FALSE
	EndGlobalSection
	GlobalSection(ExtensibilityGlobals) = postSolution
		SolutionGuid = {7A8DF773-5CAF-4EF2-B036-5D295B0D89FF}
	EndGlobalSection
EndGlobal
